# THIS IS AN AUTOGENERATED FILE. DO NOT EDIT THIS FILE DIRECTLY.
# yarn lockfile v1


vibec@^0.1.1:
  version "0.1.1"
  resolved "https://registry.yarnpkg.com/vibec/-/vibec-0.1.1.tgz#d7d83604aada975ba0f7b7d54ded15bf2f9b7668"
  integrity sha512-0RY3pswVmsOU93JPMNE/yg3phBKqBu4TogNry1eLwtb70NyH9pK+HVFSlv2nZA6dzxxWJRwJzLgPoIcKu3t75Q==
